
Microsoft Visual Studio Solution File, Format Version 12.00
# Visual Studio Version 17
VisualStudioVersion = 17.14.36221.1 d17.14
MinimumVisualStudioVersion = 10.0.40219.1
Project("{FAE04EC0-301F-11D3-BF4B-00C04F79EFBC}") = "BookApp", "BookApp.csproj", "{7B9F867A-2749-44AA-9A03-BBD344AF0699}"
EndProject
Global
	GlobalSection(SolutionConfigurationPlatforms) = preSolution
		Debug|Any CPU = Debug|Any CPU
		Release|Any CPU = Release|Any CPU
	EndGlobalSection
	GlobalSection(ProjectConfigurationPlatforms) = postSolution
		{7B9F867A-2749-44AA-9A03-BBD344AF0699}.Debug|Any CPU.ActiveCfg = Debug|Any CPU
		{7B9F867A-2749-44AA-9A03-BBD344AF0699}.Debug|Any CPU.Build.0 = Debug|Any CPU
		{7B9F867A-2749-44AA-9A03-BBD344AF0699}.Release|Any CPU.ActiveCfg = Release|Any CPU
		{7B9F867A-2749-44AA-9A03-BBD344AF0699}.Release|Any CPU.Build.0 = Release|Any CPU
	EndGlobalSection
	GlobalSection(SolutionProperties) = preSolution
		HideSolutionNode = FALSE
	EndGlobalSection
	GlobalSection(ExtensibilityGlobals) = postSolution
		SolutionGuid = {8B76CBE9-3677-4BF7-AFB8-44E1D2EBAB01}
	EndGlobalSection
EndGlobal
